// !$*UTF8*$!
{
	archiveVersion = 1;
	classes = {
	};
	objectVersion = 46;
	objects = {

/* Begin PBXBuildFile section */
		2375C8001C8C1C0F00C915B1 /* AppDelegate.m in Sources */ = {isa = PBXBuildFile; fileRef = 2375C7FF1C8C1C0F00C915B1 /* AppDelegate.m */; };
		2375C8031C8C1C0F00C915B1 /* main.m in Sources */ = {isa = PBXBuildFile; fileRef = 2375C8021C8C1C0F00C915B1 /* main.m */; };
		2375C8051C8C1C0F00C915B1 /* Assets.xcassets in Resources */ = {isa = PBXBuildFile; fileRef = 2375C8041C8C1C0F00C915B1 /* Assets.xcassets */; };
		2375C8081C8C1C0F00C915B1 /* MainMenu.xib in Resources */ = {isa = PBXBuildFile; fileRef = 2375C8061C8C1C0F00C915B1 /* MainMenu.xib */; };
		238BE5911C8C474F00D94ED4 /* ASUtil.m in Sources */ = {isa = PBXBuildFile; fileRef = 238BE5901C8C474F00D94ED4 /* ASUtil.m */; };
/* End PBXBuildFile section */

/* Begin PBXFileReference section */
		2375C7FB1C8C1C0F00C915B1 /* Android Screenshot.app */ = {isa = PBXFileReference; explicitFileType = wrapper.application; includeInIndex = 0; path = "Android Screenshot.app"; sourceTree = BUILT_PRODUCTS_DIR; };
		2375C7FE1C8C1C0F00C915B1 /* AppDelegate.h */ = {isa = PBXFileReference; lastKnownFileType = sourcecode.c.h; path = AppDelegate.h; sourceTree = "<group>"; };
		2375C7FF1C8C1C0F00C915B1 /* AppDelegate.m */ = {isa = PBXFileReference; lastKnownFileType = sourcecode.c.objc; path = AppDelegate.m; sourceTree = "<group>"; };
		2375C8021C8C1C0F00C915B1 /* main.m */ = {isa = PBXFileReference; lastKnownFileType = sourcecode.c.objc; path = main.m; sourceTree = "<group>"; };
		2375C8041C8C1C0F00C915B1 /* Assets.xcassets */ = {isa = PBXFileReference; lastKnownFileType = folder.assetcatalog; path = Assets.xcassets; sourceTree = "<group>"; };
		2375C8071C8C1C0F00C915B1 /* Base */ = {isa = PBXFileReference; lastKnownFileType = file.xib; name = Base; path = Base.lproj/MainMenu.xib; sourceTree = "<group>"; };
		2375C8091C8C1C0F00C915B1 /* Info.plist */ = {isa = PBXFileReference; lastKnownFileType = text.plist.xml; path = Info.plist; sourceTree = "<group>"; };
		238BE58F1C8C474F00D94ED4 /* ASUtil.h */ = {isa = PBXFileReference; fileEncoding = 4; lastKnownFileType = sourcecode.c.h; path = ASUtil.h; sourceTree = "<group>"; };
		238BE5901C8C474F00D94ED4 /* ASUtil.m */ = {isa = PBXFileReference; fileEncoding = 4; lastKnownFileType = sourcecode.c.objc; path = ASUtil.m; sourceTree = "<group>"; };
/* End PBXFileReference section */

/* Begin PBXFrameworksBuildPhase section */
		2375C7F81C8C1C0F00C915B1 /* Frameworks */ = {
			isa = PBXFrameworksBuildPhase;
			buildActionMask = 2147483647;
			files = (
			);
			runOnlyForDeploymentPostprocessing = 0;
		};
/* End PBXFrameworksBuildPhase section */

/* Begin PBXGroup section */
		2375C7F21C8C1C0F00C915B1 = {
			isa = PBXGroup;
			children = (
				2375C7FD1C8C1C0F00C915B1 /* Android Screenshot */,
				2375C7FC1C8C1C0F00C915B1 /* Products */,
			);
			sourceTree = "<group>";
		};
		2375C7FC1C8C1C0F00C915B1 /* Products */ = {
			isa = PBXGroup;
			children = (
				2375C7FB1C8C1C0F00C915B1 /* Android Screenshot.app */,
			);
			name = Products;
			sourceTree = "<group>";
		};
		2375C7FD1C8C1C0F00C915B1 /* Android Screenshot */ = {
			isa = PBXGroup;
			children = (
				2375C7FE1C8C1C0F00C915B1 /* AppDelegate.h */,
				2375C7FF1C8C1C0F00C915B1 /* AppDelegate.m */,
				238BE58F1C8C474F00D94ED4 /* ASUtil.h */,
				238BE5901C8C474F00D94ED4 /* ASUtil.m */,
				2375C8041C8C1C0F00C915B1 /* Assets.xcassets */,
				2375C8061C8C1C0F00C915B1 /* MainMenu.xib */,
				2375C8091C8C1C0F00C915B1 /* Info.plist */,
				2375C8011C8C1C0F00C915B1 /* Supporting Files */,
			);
			path = "Android Screenshot";
			sourceTree = "<group>";
		};
		2375C8011C8C1C0F00C915B1 /* Supporting Files */ = {
			isa = PBXGroup;
			children = (
				2375C8021C8C1C0F00C915B1 /* main.m */,
			);
			name = "Supporting Files";
			sourceTree = "<group>";
		};
/* End PBXGroup section */

/* Begin PBXNativeTarget section */
		2375C7FA1C8C1C0F00C915B1 /* Android Screenshot */ = {
			isa = PBXNativeTarget;
			buildConfigurationList = 2375C80C1C8C1C0F00C915B1 /* Build configuration list for PBXNativeTarget "Android Screenshot" */;
			buildPhases = (
				2375C7F71C8C1C0F00C915B1 /* Sources */,
				2375C7F81C8C1C0F00C915B1 /* Frameworks */,
				2375C7F91C8C1C0F00C915B1 /* Resources */,
			);
			buildRules = (
			);
			dependencies = (
			);
			name = "Android Screenshot";
			productName = "Android Screenshot";
			productReference = 2375C7FB1C8C1C0F00C915B1 /* Android Screenshot.app */;
			productType = "com.apple.product-type.application";
		};
/* End PBXNativeTarget section */

/* Begin PBXProject section */
		2375C7F31C8C1C0F00C915B1 /* Project object */ = {
			isa = PBXProject;
			attributes = {
				LastUpgradeCheck = 0720;
				ORGANIZATIONNAME = "Jake Laurie";
				TargetAttributes = {
					2375C7FA1C8C1C0F00C915B1 = {
						CreatedOnToolsVersion = 7.2.1;
					};
				};
			};
			buildConfigurationList = 2375C7F61C8C1C0F00C915B1 /* Build configuration list for PBXProject "Android Screenshot" */;
			compatibilityVersion = "Xcode 3.2";
			developmentRegion = English;
			hasScannedForEncodings = 0;
			knownRegions = (
				en,
				Base,
			);
			mainGroup = 2375C7F21C8C1C0F00C915B1;
			productRefGroup = 2375C7FC1C8C1C0F00C915B1 /* Products */;
			projectDirPath = "";
			projectRoot = "";
			targets = (
				2375C7FA1C8C1C0F00C915B1 /* Android Screenshot */,
			);
		};
/* End PBXProject section */

/* Begin PBXResourcesBuildPhase section */
		2375C7F91C8C1C0F00C915B1 /* Resources */ = {
			isa = PBXResourcesBuildPhase;
			buildActionMask = 2147483647;
			files = (
				2375C8051C8C1C0F00C915B1 /* Assets.xcassets in Resources */,
				2375C8081C8C1C0F00C915B1 /* MainMenu.xib in Resources */,
			);
			runOnlyForDeploymentPostprocessing = 0;
		};
/* End PBXResourcesBuildPhase section */

/* Begin PBXSourcesBuildPhase section */
		2375C7F71C8C1C0F00C915B1 /* Sources */ = {
			isa = PBXSourcesBuildPhase;
			buildActionMask = 2147483647;
			files = (
				238BE5911C8C474F00D94ED4 /* ASUtil.m in Sources */,
				2375C8031C8C1C0F00C915B1 /* main.m in Sources */,
				2375C8001C8C1C0F00C915B1 /* AppDelegate.m in Sources */,
			);
			runOnlyForDeploymentPostprocessing = 0;
		};
/* End PBXSourcesBuildPhase section */

/* Begin PBXVariantGroup section */
		2375C8061C8C1C0F00C915B1 /* MainMenu.xib */ = {
			isa = PBXVariantGroup;
			children = (
				2375C8071C8C1C0F00C915B1 /* Base */,
			);
			name = MainMenu.xib;
			sourceTree = "<group>";
		};
/* End PBXVariantGroup section */

/* Begin XCBuildConfiguration section */
		2375C80A1C8C1C0F00C915B1 /* Debug */ = {
			isa = XCBuildConfiguration;
			buildSettings = {
				ALWAYS_SEARCH_USER_PATHS = NO;
				CLANG_CXX_LANGUAGE_STANDARD = "gnu++0x";
				CLANG_CXX_LIBRARY = "libc++";
				CLANG_ENABLE_MODULES = YES;
				CLANG_ENABLE_OBJC_ARC = YES;
				CLANG_WARN_BOOL_CONVERSION = YES;
				CLANG_WARN_CONSTANT_CONVERSION = YES;
				CLANG_WARN_DIRECT_OBJC_ISA_USAGE = YES_ERROR;
				CLANG_WARN_EMPTY_BODY = YES;
				CLANG_WARN_ENUM_CONVERSION = YES;
				CLANG_WARN_INT_CONVERSION = YES;
				CLANG_WARN_OBJC_ROOT_CLASS = YES_ERROR;
				CLANG_WARN_UNREACHABLE_CODE = YES;
				CLANG_WARN__DUPLICATE_METHOD_MATCH = YES;
				CODE_SIGN_IDENTITY = "-";
				COPY_PHASE_STRIP = NO;
				DEBUG_INFORMATION_FORMAT = dwarf;
				ENABLE_STRICT_OBJC_MSGSEND = YES;
				ENABLE_TESTABILITY = YES;
				GCC_C_LANGUAGE_STANDARD = gnu99;
				GCC_DYNAMIC_NO_PIC = NO;
				GCC_NO_COMMON_BLOCKS = YES;
				GCC_OPTIMIZATION_LEVEL = 0;
				GCC_PREPROCESSOR_DEFINITIONS = (
					"DEBUG=1",
					"$(inherited)",
				);
				GCC_WARN_64_TO_32_BIT_CONVERSION = YES;
				GCC_WARN_ABOUT_RETURN_TYPE = YES_ERROR;
				GCC_WARN_UNDECLARED_SELECTOR = YES;
				GCC_WARN_UNINITIALIZED_AUTOS = YES_AGGRESSIVE;
				GCC_WARN_UNUSED_FUNCTION = YES;
				GCC_WARN_UNUSED_VARIABLE = YES;
				MACOSX_DEPLOYMENT_TARGET = 10.11;
				MTL_ENABLE_DEBUG_INFO = YES;
				ONLY_ACTIVE_ARCH = YES;
				SDKROOT = macosx;
			};
			name = Debug;
		};
		2375C80B1C8C1C0F00C915B1 /* Release */ = {
			isa = XCBuildConfiguration;
			buildSettings = {
				ALWAYS_SEARCH_USER_PATHS = NO;
				CLANG_CXX_LANGUAGE_STANDARD = "gnu++0x";
				CLANG_CXX_LIBRARY = "libc++";
				CLANG_ENABLE_MODULES = YES;
				CLANG_ENABLE_OBJC_ARC = YES;
				CLANG_WARN_BOOL_CONVERSION = YES;
				CLANG_WARN_CONSTANT_CONVERSION = YES;
				CLANG_WARN_DIRECT_OBJC_ISA_USAGE = YES_ERROR;
				CLANG_WARN_EMPTY_BODY = YES;
				CLANG_WARN_ENUM_CONVERSION = YES;
				CLANG_WARN_INT_CONVERSION = YES;
				CLANG_WARN_OBJC_ROOT_CLASS = YES_ERROR;
				CLANG_WARN_UNREACHABLE_CODE = YES;
				CLANG_WARN__DUPLICATE_METHOD_MATCH = YES;
				CODE_SIGN_IDENTITY = "-";
				COPY_PHASE_STRIP = NO;
				DEBUG_INFORMATION_FORMAT = "dwarf-with-dsym";
				ENABLE_NS_ASSERTIONS = NO;
				ENABLE_STRICT_OBJC_MSGSEND = YES;
				GCC_C_LANGUAGE_STANDARD = gnu99;
				GCC_NO_COMMON_BLOCKS = YES;
				GCC_WARN_64_TO_32_BIT_CONVERSION = YES;
				GCC_WARN_ABOUT_RETURN_TYPE = YES_ERROR;
				GCC_WARN_UNDECLARED_SELECTOR = YES;
				GCC_WARN_UNINITIALIZED_AUTOS = YES_AGGRESSIVE;
				GCC_WARN_UNUSED_FUNCTION = YES;
				GCC_WARN_UNUSED_VARIABLE = YES;
				MACOSX_DEPLOYMENT_TARGET = 10.11;
				MTL_ENABLE_DEBUG_INFO = NO;
				SDKROOT = macosx;
			};
			name = Release;
		};
		2375C80D1C8C1C0F00C915B1 /* Debug */ = {
			isa = XCBuildConfiguration;
			buildSettings = {
				ASSETCATALOG_COMPILER_APPICON_NAME = AppIcon;
				COMBINE_HIDPI_IMAGES = YES;
				INFOPLIST_FILE = "Android Screenshot/Info.plist";
				LD_RUNPATH_SEARCH_PATHS = "$(inherited) @executable_path/../Frameworks";
				MACOSX_DEPLOYMENT_TARGET = 10.7;
				PRODUCT_BUNDLE_IDENTIFIER = "com.jakedev.Android-Screenshot";
				PRODUCT_NAME = "$(TARGET_NAME)";
			};
			name = Debug;
		};
		2375C80E1C8C1C0F00C915B1 /* Release */ = {
			isa = XCBuildConfiguration;
			buildSettings = {
				ASSETCATALOG_COMPILER_APPICON_NAME = AppIcon;
				COMBINE_HIDPI_IMAGES = YES;
				INFOPLIST_FILE = "Android Screenshot/Info.plist";
				LD_RUNPATH_SEARCH_PATHS = "$(inherited) @executable_path/../Frameworks";
				MACOSX_DEPLOYMENT_TARGET = 10.7;
				PRODUCT_BUNDLE_IDENTIFIER = "com.jakedev.Android-Screenshot";
				PRODUCT_NAME = "$(TARGET_NAME)";
			};
			name = Release;
		};
/* End XCBuildConfiguration section */

/* Begin XCConfigurationList section */
		2375C7F61C8C1C0F00C915B1 /* Build configuration list for PBXProject "Android Screenshot" */ = {
			isa = XCConfigurationList;
			buildConfigurations = (
				2375C80A1C8C1C0F00C915B1 /* Debug */,
				2375C80B1C8C1C0F00C915B1 /* Release */,
			);
			defaultConfigurationIsVisible = 0;
			defaultConfigurationName = Release;
		};
		2375C80C1C8C1C0F00C915B1 /* Build configuration list for PBXNativeTarget "Android Screenshot" */ = {
			isa = XCConfigurationList;
			buildConfigurations = (
				2375C80D1C8C1C0F00C915B1 /* Debug */,
				2375C80E1C8C1C0F00C915B1 /* Release */,
			);
			defaultConfigurationIsVisible = 0;
			defaultConfigurationName = Release;
		};
/* End XCConfigurationList section */
	};
	rootObject = 2375C7F31C8C1C0F00C915B1 /* Project object */;
}
